{
  "version": 4,
  "terraform_version": "1.13.0",
  "serial": 28,
  "lineage": "72a69d37-b4af-0bbc-a5ce-cea699e06c8d",
  "outputs": {},
  "resources": [
    {
      "mode": "managed",
      "type": "azurerm_resource_group",
      "name": "rg",
      "provider": "provider[\"registry.terraform.io/hashicorp/azurerm\"]",
      "instances": [
        {
          "schema_version": 0,
          "attributes": {
            "id": "/subscriptions/30427f58-e9c0-40bb-bae6-72558e761d42/resourceGroups/mce-analytics-rg-mce",
            "location": "eastus2",
            "managed_by": "",
            "name": "mce-analytics-rg-mce",
            "tags": {},
            "timeouts": null
          },
          "sensitive_attributes": [],
          "identity_schema_version": 0,
          "private": "eyJlMmJmYjczMC1lY2FhLTExZTYtOGY4OC0zNDM2M2JjN2M0YzAiOnsiY3JlYXRlIjo1NDAwMDAwMDAwMDAwLCJkZWxldGUiOjU0MDAwMDAwMDAwMDAsInJlYWQiOjMwMDAwMDAwMDAwMCwidXBkYXRlIjo1NDAwMDAwMDAwMDAwfX0="
        }
      ]
    },
    {
      "mode": "managed",
      "type": "azurerm_virtual_network",
      "name": "vnet",
      "provider": "provider[\"registry.terraform.io/hashicorp/azurerm\"]",
      "instances": [
        {
          "schema_version": 0,
          "attributes": {
            "address_space": [
              "10.50.0.0/16"
            ],
            "bgp_community": "",
            "ddos_protection_plan": [],
            "dns_servers": [],
            "edge_zone": "",
            "encryption": [],
            "flow_timeout_in_minutes": 0,
            "guid": "78a5c7eb-bb7d-4201-a7de-44cc5a43f5ee",
            "id": "/subscriptions/30427f58-e9c0-40bb-bae6-72558e761d42/resourceGroups/mce-analytics-rg-mce/providers/Microsoft.Network/virtualNetworks/mce-vnet-mce",
            "location": "eastus2",
            "name": "mce-vnet-mce",
            "resource_group_name": "mce-analytics-rg-mce",
            "subnet": [
              {
                "address_prefix": "10.50.1.0/24",
                "id": "/subscriptions/30427f58-e9c0-40bb-bae6-72558e761d42/resourceGroups/mce-analytics-rg-mce/providers/Microsoft.Network/virtualNetworks/mce-vnet-mce/subnets/aks-subnet",
                "name": "aks-subnet",
                "security_group": ""
              }
            ],
            "tags": {},
            "timeouts": null
          },
          "sensitive_attributes": [],
          "identity_schema_version": 0,
          "private": "eyJlMmJmYjczMC1lY2FhLTExZTYtOGY4OC0zNDM2M2JjN2M0YzAiOnsiY3JlYXRlIjoxODAwMDAwMDAwMDAwLCJkZWxldGUiOjE4MDAwMDAwMDAwMDAsInJlYWQiOjMwMDAwMDAwMDAwMCwidXBkYXRlIjoxODAwMDAwMDAwMDAwfX0=",
          "dependencies": [
            "azurerm_resource_group.rg"
          ]
        }
      ]
    }
  ],
  "check_results": null
}
